
Microsoft Visual Studio Solution File, Format Version 12.00
# Visual Studio Version 16
VisualStudioVersion = 16.0.30907.101
MinimumVisualStudioVersion = 10.0.40219.1
Project("{FAE04EC0-301F-11D3-BF4B-00C04F79EFBC}") = "RainerSt-ci-cd", "RainerSt-ci-cd\RainerSt-ci-cd.csproj", "{F437E942-A3D9-4A01-B6B7-6F71099236AE}"
EndProject
Global
	GlobalSection(SolutionConfigurationPlatforms) = preSolution
		Debug|Any CPU = Debug|Any CPU
		Release|Any CPU = Release|Any CPU
	EndGlobalSection
	GlobalSection(ProjectConfigurationPlatforms) = postSolution
		{F437E942-A3D9-4A01-B6B7-6F71099236AE}.Debug|Any CPU.ActiveCfg = Debug|Any CPU
		{F437E942-A3D9-4A01-B6B7-6F71099236AE}.Debug|Any CPU.Build.0 = Debug|Any CPU
		{F437E942-A3D9-4A01-B6B7-6F71099236AE}.Release|Any CPU.ActiveCfg = Release|Any CPU
		{F437E942-A3D9-4A01-B6B7-6F71099236AE}.Release|Any CPU.Build.0 = Release|Any CPU
	EndGlobalSection
	GlobalSection(SolutionProperties) = preSolution
		HideSolutionNode = FALSE
	EndGlobalSection
	GlobalSection(ExtensibilityGlobals) = postSolution
		SolutionGuid = {3053FB72-CF18-4357-9AB4-AA24EE94E22D}
	EndGlobalSection
EndGlobal
